
Microsoft Visual Studio Solution File, Format Version 12.00
# Visual Studio Version 16
VisualStudioVersion = 16.0.31702.278
MinimumVisualStudioVersion = 10.0.40219.1
Project("{FAE04EC0-301F-11D3-BF4B-00C04F79EFBC}") = "Demo_Destructor_Finalize", "Demo_Destructor_Finalize.csproj", "{D5507BFF-5D82-4B3C-92DF-32EFCD6E6B5E}"
EndProject
Global
	GlobalSection(SolutionConfigurationPlatforms) = preSolution
		Debug|Any CPU = Debug|Any CPU
		Release|Any CPU = Release|Any CPU
	EndGlobalSection
	GlobalSection(ProjectConfigurationPlatforms) = postSolution
		{D5507BFF-5D82-4B3C-92DF-32EFCD6E6B5E}.Debug|Any CPU.ActiveCfg = Debug|Any CPU
		{D5507BFF-5D82-4B3C-92DF-32EFCD6E6B5E}.Debug|Any CPU.Build.0 = Debug|Any CPU
		{D5507BFF-5D82-4B3C-92DF-32EFCD6E6B5E}.Release|Any CPU.ActiveCfg = Release|Any CPU
		{D5507BFF-5D82-4B3C-92DF-32EFCD6E6B5E}.Release|Any CPU.Build.0 = Release|Any CPU
	EndGlobalSection
	GlobalSection(SolutionProperties) = preSolution
		HideSolutionNode = FALSE
	EndGlobalSection
	GlobalSection(ExtensibilityGlobals) = postSolution
		SolutionGuid = {9523DCE4-D699-4201-959A-6578EF2CABA0}
	EndGlobalSection
EndGlobal
